
Microsoft Visual Studio Solution File, Format Version 12.00
# Visual Studio Version 16
VisualStudioVersion = 16.0.29001.49
MinimumVisualStudioVersion = 10.0.40219.1
Project("{FAE04EC0-301F-11D3-BF4B-00C04F79EFBC}") = "Json", "Json\Json.csproj", "{ED0D074A-8AC8-4B60-9F61-DD0C16057CFA}"
EndProject
Global
	GlobalSection(SolutionConfigurationPlatforms) = preSolution
		Debug|Any CPU = Debug|Any CPU
		Release|Any CPU = Release|Any CPU
	EndGlobalSection
	GlobalSection(ProjectConfigurationPlatforms) = postSolution
		{ED0D074A-8AC8-4B60-9F61-DD0C16057CFA}.Debug|Any CPU.ActiveCfg = Debug|Any CPU
		{ED0D074A-8AC8-4B60-9F61-DD0C16057CFA}.Debug|Any CPU.Build.0 = Debug|Any CPU
		{ED0D074A-8AC8-4B60-9F61-DD0C16057CFA}.Release|Any CPU.ActiveCfg = Release|Any CPU
		{ED0D074A-8AC8-4B60-9F61-DD0C16057CFA}.Release|Any CPU.Build.0 = Release|Any CPU
	EndGlobalSection
	GlobalSection(SolutionProperties) = preSolution
		HideSolutionNode = FALSE
	EndGlobalSection
	GlobalSection(ExtensibilityGlobals) = postSolution
		SolutionGuid = {7E3B08EC-FC62-400B-9BEF-1B75CEEA6012}
	EndGlobalSection
EndGlobal
